
Microsoft Visual Studio Solution File, Format Version 12.00
# Visual Studio 15
VisualStudioVersion = 15.0.28010.2041
MinimumVisualStudioVersion = 10.0.40219.1
Project("{FAE04EC0-301F-11D3-BF4B-00C04F79EFBC}") = "bookbook", "bookbook\bookbook.csproj", "{053B04B7-25CD-448B-8843-2923174B1F29}"
EndProject
Global
	GlobalSection(SolutionConfigurationPlatforms) = preSolution
		Debug|Any CPU = Debug|Any CPU
		Release|Any CPU = Release|Any CPU
	EndGlobalSection
	GlobalSection(ProjectConfigurationPlatforms) = postSolution
		{053B04B7-25CD-448B-8843-2923174B1F29}.Debug|Any CPU.ActiveCfg = Debug|Any CPU
		{053B04B7-25CD-448B-8843-2923174B1F29}.Debug|Any CPU.Build.0 = Debug|Any CPU
		{053B04B7-25CD-448B-8843-2923174B1F29}.Release|Any CPU.ActiveCfg = Release|Any CPU
		{053B04B7-25CD-448B-8843-2923174B1F29}.Release|Any CPU.Build.0 = Release|Any CPU
	EndGlobalSection
	GlobalSection(SolutionProperties) = preSolution
		HideSolutionNode = FALSE
	EndGlobalSection
	GlobalSection(ExtensibilityGlobals) = postSolution
		SolutionGuid = {1C927446-C545-4F93-834E-1E6E76BA161A}
	EndGlobalSection
EndGlobal
